<?xml version="1.0" encoding="UTF-8"?>
<CodeBlocks_project_file>
	<FileVersion major="1" minor="6"/>
	<Project>
		<Option title="MeineKraft"/>
		<Option makefile_is_custom="1"/>
		<Option compiler="gcc"/>
		<Option virtualFolders="CMake Files\;CMake Files\..\;CMake Files\..\..\;CMake Files\..\..\..\;CMake Files\..\..\..\..\;CMake Files\..\..\..\..\usr\;CMake Files\..\..\..\..\usr\local\;CMake Files\..\..\..\..\usr\local\lib\;CMake Files\..\..\..\..\usr\local\lib\cmake\;CMake Files\..\..\..\..\usr\local\lib\cmake\assimp-4.1\;CMake Files\..\..\..\..\usr\local\lib\cmake\SDL2\;"/>
		<Build>
			<Target title="all">
				<Option working_dir="/Users/lingtorp/repos/MeineKraft"/>
				<Option type="4"/>
				<MakeCommands>
					<Build command="/usr/bin/make -f &quot;/Users/lingtorp/repos/MeineKraft/Makefile&quot;  VERBOSE=1 all"/>
					<CompileFile command="/usr/bin/make -f &quot;/Users/lingtorp/repos/MeineKraft/Makefile&quot;  VERBOSE=1 &quot;$file&quot;"/>
					<Clean command="/usr/bin/make -f &quot;/Users/lingtorp/repos/MeineKraft/Makefile&quot;  VERBOSE=1 clean"/>
					<DistClean command="/usr/bin/make -f &quot;/Users/lingtorp/repos/MeineKraft/Makefile&quot;  VERBOSE=1 clean"/>
				</MakeCommands>
			</Target>
			<Target title="rebuild_cache">
				<Option working_dir="/Users/lingtorp/repos/MeineKraft"/>
				<Option type="4"/>
				<MakeCommands>
					<Build command="/usr/bin/make -f &quot;/Users/lingtorp/repos/MeineKraft/Makefile&quot;  VERBOSE=1 rebuild_cache"/>
					<CompileFile command="/usr/bin/make -f &quot;/Users/lingtorp/repos/MeineKraft/Makefile&quot;  VERBOSE=1 &quot;$file&quot;"/>
					<Clean command="/usr/bin/make -f &quot;/Users/lingtorp/repos/MeineKraft/Makefile&quot;  VERBOSE=1 clean"/>
					<DistClean command="/usr/bin/make -f &quot;/Users/lingtorp/repos/MeineKraft/Makefile&quot;  VERBOSE=1 clean"/>
				</MakeCommands>
			</Target>
			<Target title="edit_cache">
				<Option working_dir="/Users/lingtorp/repos/MeineKraft"/>
				<Option type="4"/>
				<MakeCommands>
					<Build command="/usr/bin/make -f &quot;/Users/lingtorp/repos/MeineKraft/Makefile&quot;  VERBOSE=1 edit_cache"/>
					<CompileFile command="/usr/bin/make -f &quot;/Users/lingtorp/repos/MeineKraft/Makefile&quot;  VERBOSE=1 &quot;$file&quot;"/>
					<Clean command="/usr/bin/make -f &quot;/Users/lingtorp/repos/MeineKraft/Makefile&quot;  VERBOSE=1 clean"/>
					<DistClean command="/usr/bin/make -f &quot;/Users/lingtorp/repos/MeineKraft/Makefile&quot;  VERBOSE=1 clean"/>
				</MakeCommands>
			</Target>
			<Target title="MeineKraft">
				<Option output="/Users/lingtorp/repos/MeineKraft/MeineKraft" prefix_auto="0" extension_auto="0"/>
				<Option working_dir="/Users/lingtorp/repos/MeineKraft"/>
				<Option object_output="./"/>
				<Option type="1"/>
				<Option compiler="gcc"/>
				<Compiler>
					<Add directory="/usr/local/include"/>
					<Add directory="/usr/local/Cellar/sdl2/2.0.8/include/SDL2"/>
					<Add directory="/Users/lingtorp/repos/MeineKraft/{SDL2IMAGE_INCLUDE_DIR}"/>
				</Compiler>
				<MakeCommands>
					<Build command="/usr/bin/make -f &quot;/Users/lingtorp/repos/MeineKraft/Makefile&quot;  VERBOSE=1 MeineKraft"/>
					<CompileFile command="/usr/bin/make -f &quot;/Users/lingtorp/repos/MeineKraft/Makefile&quot;  VERBOSE=1 &quot;$file&quot;"/>
					<Clean command="/usr/bin/make -f &quot;/Users/lingtorp/repos/MeineKraft/Makefile&quot;  VERBOSE=1 clean"/>
					<DistClean command="/usr/bin/make -f &quot;/Users/lingtorp/repos/MeineKraft/Makefile&quot;  VERBOSE=1 clean"/>
				</MakeCommands>
			</Target>
			<Target title="MeineKraft/fast">
				<Option output="/Users/lingtorp/repos/MeineKraft/MeineKraft" prefix_auto="0" extension_auto="0"/>
				<Option working_dir="/Users/lingtorp/repos/MeineKraft"/>
				<Option object_output="./"/>
				<Option type="1"/>
				<Option compiler="gcc"/>
				<Compiler>
					<Add directory="/usr/local/include"/>
					<Add directory="/usr/local/Cellar/sdl2/2.0.8/include/SDL2"/>
					<Add directory="/Users/lingtorp/repos/MeineKraft/{SDL2IMAGE_INCLUDE_DIR}"/>
				</Compiler>
				<MakeCommands>
					<Build command="/usr/bin/make -f &quot;/Users/lingtorp/repos/MeineKraft/Makefile&quot;  VERBOSE=1 MeineKraft/fast"/>
					<CompileFile command="/usr/bin/make -f &quot;/Users/lingtorp/repos/MeineKraft/Makefile&quot;  VERBOSE=1 &quot;$file&quot;"/>
					<Clean command="/usr/bin/make -f &quot;/Users/lingtorp/repos/MeineKraft/Makefile&quot;  VERBOSE=1 clean"/>
					<DistClean command="/usr/bin/make -f &quot;/Users/lingtorp/repos/MeineKraft/Makefile&quot;  VERBOSE=1 clean"/>
				</MakeCommands>
			</Target>
		</Build>
		<Unit filename="/Users/lingtorp/repos/MeineKraft/include/imgui/imconfig.h">
			<Option target="MeineKraft"/>
		</Unit>
		<Unit filename="/Users/lingtorp/repos/MeineKraft/include/imgui/imgui.cpp">
			<Option target="MeineKraft"/>
		</Unit>
		<Unit filename="/Users/lingtorp/repos/MeineKraft/include/imgui/imgui.h">
			<Option target="MeineKraft"/>
		</Unit>
		<Unit filename="/Users/lingtorp/repos/MeineKraft/include/imgui/imgui_demo.cpp">
			<Option target="MeineKraft"/>
		</Unit>
		<Unit filename="/Users/lingtorp/repos/MeineKraft/include/imgui/imgui_draw.cpp">
			<Option target="MeineKraft"/>
		</Unit>
		<Unit filename="/Users/lingtorp/repos/MeineKraft/include/imgui/imgui_impl_sdl.h">
			<Option target="MeineKraft"/>
		</Unit>
		<Unit filename="/Users/lingtorp/repos/MeineKraft/include/imgui/imgui_internal.h">
			<Option target="MeineKraft"/>
		</Unit>
		<Unit filename="/Users/lingtorp/repos/MeineKraft/include/imgui/stb_rect_pack.h">
			<Option target="MeineKraft"/>
		</Unit>
		<Unit filename="/Users/lingtorp/repos/MeineKraft/include/imgui/stb_textedit.h">
			<Option target="MeineKraft"/>
		</Unit>
		<Unit filename="/Users/lingtorp/repos/MeineKraft/include/imgui/stb_truetype.h">
			<Option target="MeineKraft"/>
		</Unit>
		<Unit filename="/Users/lingtorp/repos/MeineKraft/main.cpp">
			<Option target="MeineKraft"/>
		</Unit>
		<Unit filename="/Users/lingtorp/repos/MeineKraft/math/noise.h">
			<Option target="MeineKraft"/>
		</Unit>
		<Unit filename="/Users/lingtorp/repos/MeineKraft/math/vector.h">
			<Option target="MeineKraft"/>
		</Unit>
		<Unit filename="/Users/lingtorp/repos/MeineKraft/nodes/entity.cpp">
			<Option target="MeineKraft"/>
		</Unit>
		<Unit filename="/Users/lingtorp/repos/MeineKraft/nodes/entity.h">
			<Option target="MeineKraft"/>
		</Unit>
		<Unit filename="/Users/lingtorp/repos/MeineKraft/nodes/model.cpp">
			<Option target="MeineKraft"/>
		</Unit>
		<Unit filename="/Users/lingtorp/repos/MeineKraft/nodes/model.h">
			<Option target="MeineKraft"/>
		</Unit>
		<Unit filename="/Users/lingtorp/repos/MeineKraft/nodes/skybox.cpp">
			<Option target="MeineKraft"/>
		</Unit>
		<Unit filename="/Users/lingtorp/repos/MeineKraft/nodes/skybox.h">
			<Option target="MeineKraft"/>
		</Unit>
		<Unit filename="/Users/lingtorp/repos/MeineKraft/render/camera.cpp">
			<Option target="MeineKraft"/>
		</Unit>
		<Unit filename="/Users/lingtorp/repos/MeineKraft/render/camera.h">
			<Option target="MeineKraft"/>
		</Unit>
		<Unit filename="/Users/lingtorp/repos/MeineKraft/render/debug_opengl.h">
			<Option target="MeineKraft"/>
		</Unit>
		<Unit filename="/Users/lingtorp/repos/MeineKraft/render/graphicsbatch.h">
			<Option target="MeineKraft"/>
		</Unit>
		<Unit filename="/Users/lingtorp/repos/MeineKraft/render/light.h">
			<Option target="MeineKraft"/>
		</Unit>
		<Unit filename="/Users/lingtorp/repos/MeineKraft/render/meshmanager.cpp">
			<Option target="MeineKraft"/>
		</Unit>
		<Unit filename="/Users/lingtorp/repos/MeineKraft/render/meshmanager.h">
			<Option target="MeineKraft"/>
		</Unit>
		<Unit filename="/Users/lingtorp/repos/MeineKraft/render/primitives.h">
			<Option target="MeineKraft"/>
		</Unit>
		<Unit filename="/Users/lingtorp/repos/MeineKraft/render/ray.h">
			<Option target="MeineKraft"/>
		</Unit>
		<Unit filename="/Users/lingtorp/repos/MeineKraft/render/render.cpp">
			<Option target="MeineKraft"/>
		</Unit>
		<Unit filename="/Users/lingtorp/repos/MeineKraft/render/render.h">
			<Option target="MeineKraft"/>
		</Unit>
		<Unit filename="/Users/lingtorp/repos/MeineKraft/render/rendercomponent.cpp">
			<Option target="MeineKraft"/>
		</Unit>
		<Unit filename="/Users/lingtorp/repos/MeineKraft/render/rendercomponent.h">
			<Option target="MeineKraft"/>
		</Unit>
		<Unit filename="/Users/lingtorp/repos/MeineKraft/render/shader.cpp">
			<Option target="MeineKraft"/>
		</Unit>
		<Unit filename="/Users/lingtorp/repos/MeineKraft/render/shader.h">
			<Option target="MeineKraft"/>
		</Unit>
		<Unit filename="/Users/lingtorp/repos/MeineKraft/render/texture.cpp">
			<Option target="MeineKraft"/>
		</Unit>
		<Unit filename="/Users/lingtorp/repos/MeineKraft/render/texture.h">
			<Option target="MeineKraft"/>
		</Unit>
		<Unit filename="/Users/lingtorp/repos/MeineKraft/render/transform.h">
			<Option target="MeineKraft"/>
		</Unit>
		<Unit filename="/Users/lingtorp/repos/MeineKraft/scene/world.cpp">
			<Option target="MeineKraft"/>
		</Unit>
		<Unit filename="/Users/lingtorp/repos/MeineKraft/scene/world.hpp">
			<Option target="MeineKraft"/>
		</Unit>
		<Unit filename="/Users/lingtorp/repos/MeineKraft/util/filemonitor.cpp">
			<Option target="MeineKraft"/>
		</Unit>
		<Unit filename="/Users/lingtorp/repos/MeineKraft/util/filemonitor.h">
			<Option target="MeineKraft"/>
		</Unit>
		<Unit filename="/Users/lingtorp/repos/MeineKraft/util/filesystem.h">
			<Option target="MeineKraft"/>
		</Unit>
		<Unit filename="/Users/lingtorp/repos/MeineKraft/CMakeLists.txt">
			<Option virtualFolder="CMake Files\"/>
		</Unit>
		<Unit filename="/Users/lingtorp/repos/MeineKraft/../../../../usr/local/lib/cmake/assimp-4.1/assimp-config-version.cmake">
			<Option virtualFolder="CMake Files\..\..\..\..\usr\local\lib\cmake\assimp-4.1\"/>
		</Unit>
		<Unit filename="/Users/lingtorp/repos/MeineKraft/../../../../usr/local/lib/cmake/assimp-4.1/assimp-config.cmake">
			<Option virtualFolder="CMake Files\..\..\..\..\usr\local\lib\cmake\assimp-4.1\"/>
		</Unit>
		<Unit filename="/Users/lingtorp/repos/MeineKraft/../../../../usr/local/lib/cmake/SDL2/sdl2-config.cmake">
			<Option virtualFolder="CMake Files\..\..\..\..\usr\local\lib\cmake\SDL2\"/>
		</Unit>
	</Project>
</CodeBlocks_project_file>
